
Microsoft Visual Studio Solution File, Format Version 12.00
# Visual Studio Version 17
VisualStudioVersion = 17.9.34723.18
MinimumVisualStudioVersion = 10.0.40219.1
Project("{FAE04EC0-301F-11D3-BF4B-00C04F79EFBC}") = "CourseCatalogAPIWebApp", "CourseCatalogAPIWebApp.csproj", "{52061AD3-A51F-4550-A11B-2CCC2C692E1B}"
EndProject
Global
	GlobalSection(SolutionConfigurationPlatforms) = preSolution
		Debug|Any CPU = Debug|Any CPU
		Release|Any CPU = Release|Any CPU
	EndGlobalSection
	GlobalSection(ProjectConfigurationPlatforms) = postSolution
		{52061AD3-A51F-4550-A11B-2CCC2C692E1B}.Debug|Any CPU.ActiveCfg = Debug|Any CPU
		{52061AD3-A51F-4550-A11B-2CCC2C692E1B}.Debug|Any CPU.Build.0 = Debug|Any CPU
		{52061AD3-A51F-4550-A11B-2CCC2C692E1B}.Release|Any CPU.ActiveCfg = Release|Any CPU
		{52061AD3-A51F-4550-A11B-2CCC2C692E1B}.Release|Any CPU.Build.0 = Release|Any CPU
	EndGlobalSection
	GlobalSection(SolutionProperties) = preSolution
		HideSolutionNode = FALSE
	EndGlobalSection
	GlobalSection(ExtensibilityGlobals) = postSolution
		SolutionGuid = {18EF75E7-331C-4F0E-9064-40AB2F47C7D0}
	EndGlobalSection
EndGlobal
